
Microsoft Visual Studio Solution File, Format Version 12.00
# Visual Studio Version 16
VisualStudioVersion = 16.0.31105.61
MinimumVisualStudioVersion = 10.0.40219.1
Project("{2150E333-8FDC-42A3-9474-1A3956D46DE8}") = "01 - Presentation", "01 - Presentation", "{A719AD00-9C52-4DB9-92E9-AFB4B65B6801}"
EndProject
Project("{2150E333-8FDC-42A3-9474-1A3956D46DE8}") = "02 - Application", "02 - Application", "{E7BEB801-F180-4AD8-933A-2212F2968C36}"
EndProject
Project("{2150E333-8FDC-42A3-9474-1A3956D46DE8}") = "03 - Domain", "03 - Domain", "{1C7DA6F0-460E-4AF4-A309-2B992305F14C}"
EndProject
Project("{2150E333-8FDC-42A3-9474-1A3956D46DE8}") = "04 - Infra", "04 - Infra", "{831DDB64-0DA8-49F7-B4DA-FA876444C350}"
EndProject
Project("{FAE04EC0-301F-11D3-BF4B-00C04F79EFBC}") = "DFO.Domain", "DFO.Domain\DFO.Domain.csproj", "{A146780E-609D-49C6-914C-050A6FE501EE}"
EndProject
Project("{FAE04EC0-301F-11D3-BF4B-00C04F79EFBC}") = "DFO.WebAPI", "DFO.WebAPI\DFO.WebAPI.csproj", "{B95B13CE-598A-45FF-B889-D35DD14130BC}"
EndProject
Project("{2150E333-8FDC-42A3-9474-1A3956D46DE8}") = "04.1 - Data", "04.1 - Data", "{41A5C29D-EB09-4309-911F-B6D5646E5AD2}"
EndProject
Project("{2150E333-8FDC-42A3-9474-1A3956D46DE8}") = "04.2 - CrossCutting", "04.2 - CrossCutting", "{BB9C69B4-B852-4BA9-87FD-62241D269222}"
EndProject
Project("{FAE04EC0-301F-11D3-BF4B-00C04F79EFBC}") = "DFO.Infra.Data", "DFO.Infra.Data\DFO.Infra.Data.csproj", "{51C8DD1A-0785-4004-AB2C-B4D88DD6FFB3}"
EndProject
Project("{FAE04EC0-301F-11D3-BF4B-00C04F79EFBC}") = "DFO.Infra.CrossCutting.IoC", "DFO.Infra.CrossCutting.IoC\DFO.Infra.CrossCutting.IoC.csproj", "{CF869445-28ED-4417-BA77-828251BE56A4}"
EndProject
Project("{FAE04EC0-301F-11D3-BF4B-00C04F79EFBC}") = "DFO.Application", "DFO.Application\DFO.Application.csproj", "{24FF2125-EE07-4247-B4A2-151C457EE606}"
EndProject
Global
	GlobalSection(SolutionConfigurationPlatforms) = preSolution
		Debug|Any CPU = Debug|Any CPU
		Release|Any CPU = Release|Any CPU
	EndGlobalSection
	GlobalSection(ProjectConfigurationPlatforms) = postSolution
		{A146780E-609D-49C6-914C-050A6FE501EE}.Debug|Any CPU.ActiveCfg = Debug|Any CPU
		{A146780E-609D-49C6-914C-050A6FE501EE}.Debug|Any CPU.Build.0 = Debug|Any CPU
		{A146780E-609D-49C6-914C-050A6FE501EE}.Release|Any CPU.ActiveCfg = Release|Any CPU
		{A146780E-609D-49C6-914C-050A6FE501EE}.Release|Any CPU.Build.0 = Release|Any CPU
		{B95B13CE-598A-45FF-B889-D35DD14130BC}.Debug|Any CPU.ActiveCfg = Debug|Any CPU
		{B95B13CE-598A-45FF-B889-D35DD14130BC}.Debug|Any CPU.Build.0 = Debug|Any CPU
		{B95B13CE-598A-45FF-B889-D35DD14130BC}.Release|Any CPU.ActiveCfg = Release|Any CPU
		{B95B13CE-598A-45FF-B889-D35DD14130BC}.Release|Any CPU.Build.0 = Release|Any CPU
		{51C8DD1A-0785-4004-AB2C-B4D88DD6FFB3}.Debug|Any CPU.ActiveCfg = Debug|Any CPU
		{51C8DD1A-0785-4004-AB2C-B4D88DD6FFB3}.Debug|Any CPU.Build.0 = Debug|Any CPU
		{51C8DD1A-0785-4004-AB2C-B4D88DD6FFB3}.Release|Any CPU.ActiveCfg = Release|Any CPU
		{51C8DD1A-0785-4004-AB2C-B4D88DD6FFB3}.Release|Any CPU.Build.0 = Release|Any CPU
		{CF869445-28ED-4417-BA77-828251BE56A4}.Debug|Any CPU.ActiveCfg = Debug|Any CPU
		{CF869445-28ED-4417-BA77-828251BE56A4}.Debug|Any CPU.Build.0 = Debug|Any CPU
		{CF869445-28ED-4417-BA77-828251BE56A4}.Release|Any CPU.ActiveCfg = Release|Any CPU
		{CF869445-28ED-4417-BA77-828251BE56A4}.Release|Any CPU.Build.0 = Release|Any CPU
		{24FF2125-EE07-4247-B4A2-151C457EE606}.Debug|Any CPU.ActiveCfg = Debug|Any CPU
		{24FF2125-EE07-4247-B4A2-151C457EE606}.Debug|Any CPU.Build.0 = Debug|Any CPU
		{24FF2125-EE07-4247-B4A2-151C457EE606}.Release|Any CPU.ActiveCfg = Release|Any CPU
		{24FF2125-EE07-4247-B4A2-151C457EE606}.Release|Any CPU.Build.0 = Release|Any CPU
	EndGlobalSection
	GlobalSection(SolutionProperties) = preSolution
		HideSolutionNode = FALSE
	EndGlobalSection
	GlobalSection(NestedProjects) = preSolution
		{A146780E-609D-49C6-914C-050A6FE501EE} = {1C7DA6F0-460E-4AF4-A309-2B992305F14C}
		{B95B13CE-598A-45FF-B889-D35DD14130BC} = {A719AD00-9C52-4DB9-92E9-AFB4B65B6801}
		{41A5C29D-EB09-4309-911F-B6D5646E5AD2} = {831DDB64-0DA8-49F7-B4DA-FA876444C350}
		{BB9C69B4-B852-4BA9-87FD-62241D269222} = {831DDB64-0DA8-49F7-B4DA-FA876444C350}
		{51C8DD1A-0785-4004-AB2C-B4D88DD6FFB3} = {41A5C29D-EB09-4309-911F-B6D5646E5AD2}
		{CF869445-28ED-4417-BA77-828251BE56A4} = {BB9C69B4-B852-4BA9-87FD-62241D269222}
		{24FF2125-EE07-4247-B4A2-151C457EE606} = {E7BEB801-F180-4AD8-933A-2212F2968C36}
	EndGlobalSection
	GlobalSection(ExtensibilityGlobals) = postSolution
		SolutionGuid = {3A341450-9746-4617-9C17-8BD86D4B768F}
	EndGlobalSection
EndGlobal
